
Microsoft Visual Studio Solution File, Format Version 12.00
# Visual Studio Version 17
VisualStudioVersion = 17.6.33829.357
MinimumVisualStudioVersion = 10.0.40219.1
Project("{FAE04EC0-301F-11D3-BF4B-00C04F79EFBC}") = "CmdApi", "CmdApi\CmdApi.csproj", "{348DDDAC-E56B-4EE3-8DC3-ED7E843648A4}"
EndProject
Global
	GlobalSection(SolutionConfigurationPlatforms) = preSolution
		Debug|Any CPU = Debug|Any CPU
		Release|Any CPU = Release|Any CPU
	EndGlobalSection
	GlobalSection(ProjectConfigurationPlatforms) = postSolution
		{348DDDAC-E56B-4EE3-8DC3-ED7E843648A4}.Debug|Any CPU.ActiveCfg = Debug|Any CPU
		{348DDDAC-E56B-4EE3-8DC3-ED7E843648A4}.Debug|Any CPU.Build.0 = Debug|Any CPU
		{348DDDAC-E56B-4EE3-8DC3-ED7E843648A4}.Release|Any CPU.ActiveCfg = Release|Any CPU
		{348DDDAC-E56B-4EE3-8DC3-ED7E843648A4}.Release|Any CPU.Build.0 = Release|Any CPU
	EndGlobalSection
	GlobalSection(SolutionProperties) = preSolution
		HideSolutionNode = FALSE
	EndGlobalSection
	GlobalSection(ExtensibilityGlobals) = postSolution
		SolutionGuid = {97AF177C-6090-4A2B-9C39-B4F9E6D56344}
	EndGlobalSection
EndGlobal
